
Microsoft Visual Studio Solution File, Format Version 12.00
# Visual Studio Version 17
VisualStudioVersion = 17.14.36212.18 d17.14
MinimumVisualStudioVersion = 10.0.40219.1
Project("{FAE04EC0-301F-11D3-BF4B-00C04F79EFBC}") = "WebTest", "WebTest.csproj", "{FB116F98-1916-408C-8D4A-FF3DFA58E80D}"
EndProject
Global
	GlobalSection(SolutionConfigurationPlatforms) = preSolution
		Debug|Any CPU = Debug|Any CPU
		Release|Any CPU = Release|Any CPU
	EndGlobalSection
	GlobalSection(ProjectConfigurationPlatforms) = postSolution
		{FB116F98-1916-408C-8D4A-FF3DFA58E80D}.Debug|Any CPU.ActiveCfg = Debug|Any CPU
		{FB116F98-1916-408C-8D4A-FF3DFA58E80D}.Debug|Any CPU.Build.0 = Debug|Any CPU
		{FB116F98-1916-408C-8D4A-FF3DFA58E80D}.Release|Any CPU.ActiveCfg = Release|Any CPU
		{FB116F98-1916-408C-8D4A-FF3DFA58E80D}.Release|Any CPU.Build.0 = Release|Any CPU
	EndGlobalSection
	GlobalSection(SolutionProperties) = preSolution
		HideSolutionNode = FALSE
	EndGlobalSection
	GlobalSection(ExtensibilityGlobals) = postSolution
		SolutionGuid = {B699DADC-A928-49EC-BC1B-708EE635DF88}
	EndGlobalSection
EndGlobal
