
Microsoft Visual Studio Solution File, Format Version 12.00
# Visual Studio Version 17
VisualStudioVersion = 17.14.36221.1 d17.14
MinimumVisualStudioVersion = 10.0.40219.1
Project("{FAE04EC0-301F-11D3-BF4B-00C04F79EFBC}") = "CalcluatorLibrary", "CalcluatorLibrary.csproj", "{C6CFFC9A-BF78-48F3-8058-5455A01514E5}"
EndProject
Project("{FAE04EC0-301F-11D3-BF4B-00C04F79EFBC}") = "CalculatorUnitTest", "..\CalculatorUnitTest\CalculatorUnitTest.csproj", "{39E793C3-6F80-49C5-B439-3F598866DD34}"
EndProject
Global
	GlobalSection(SolutionConfigurationPlatforms) = preSolution
		Debug|Any CPU = Debug|Any CPU
		Release|Any CPU = Release|Any CPU
	EndGlobalSection
	GlobalSection(ProjectConfigurationPlatforms) = postSolution
		{C6CFFC9A-BF78-48F3-8058-5455A01514E5}.Debug|Any CPU.ActiveCfg = Debug|Any CPU
		{C6CFFC9A-BF78-48F3-8058-5455A01514E5}.Debug|Any CPU.Build.0 = Debug|Any CPU
		{C6CFFC9A-BF78-48F3-8058-5455A01514E5}.Release|Any CPU.ActiveCfg = Release|Any CPU
		{C6CFFC9A-BF78-48F3-8058-5455A01514E5}.Release|Any CPU.Build.0 = Release|Any CPU
		{39E793C3-6F80-49C5-B439-3F598866DD34}.Debug|Any CPU.ActiveCfg = Debug|Any CPU
		{39E793C3-6F80-49C5-B439-3F598866DD34}.Debug|Any CPU.Build.0 = Debug|Any CPU
		{39E793C3-6F80-49C5-B439-3F598866DD34}.Release|Any CPU.ActiveCfg = Release|Any CPU
		{39E793C3-6F80-49C5-B439-3F598866DD34}.Release|Any CPU.Build.0 = Release|Any CPU
	EndGlobalSection
	GlobalSection(SolutionProperties) = preSolution
		HideSolutionNode = FALSE
	EndGlobalSection
	GlobalSection(ExtensibilityGlobals) = postSolution
		SolutionGuid = {6FF1E0D0-D715-4DCF-A6B9-7636D53B89B9}
	EndGlobalSection
EndGlobal
