
Microsoft Visual Studio Solution File, Format Version 12.00
# Visual Studio Version 17
VisualStudioVersion = 17.14.36221.1 d17.14
MinimumVisualStudioVersion = 10.0.40219.1
Project("{FAE04EC0-301F-11D3-BF4B-00C04F79EFBC}") = "TempLibrary", "TempLibrary.csproj", "{F321375F-4B81-4B1F-95FE-6FDBC7B4CF0F}"
EndProject
Global
	GlobalSection(SolutionConfigurationPlatforms) = preSolution
		Debug|Any CPU = Debug|Any CPU
		Release|Any CPU = Release|Any CPU
	EndGlobalSection
	GlobalSection(ProjectConfigurationPlatforms) = postSolution
		{F321375F-4B81-4B1F-95FE-6FDBC7B4CF0F}.Debug|Any CPU.ActiveCfg = Debug|Any CPU
		{F321375F-4B81-4B1F-95FE-6FDBC7B4CF0F}.Debug|Any CPU.Build.0 = Debug|Any CPU
		{F321375F-4B81-4B1F-95FE-6FDBC7B4CF0F}.Release|Any CPU.ActiveCfg = Release|Any CPU
		{F321375F-4B81-4B1F-95FE-6FDBC7B4CF0F}.Release|Any CPU.Build.0 = Release|Any CPU
	EndGlobalSection
	GlobalSection(SolutionProperties) = preSolution
		HideSolutionNode = FALSE
	EndGlobalSection
	GlobalSection(ExtensibilityGlobals) = postSolution
		SolutionGuid = {A237BDEF-31EB-455C-A380-3DC05FE13C67}
	EndGlobalSection
EndGlobal
