
Microsoft Visual Studio Solution File, Format Version 12.00
# Visual Studio Version 17
VisualStudioVersion = 17.14.36221.1 d17.14
MinimumVisualStudioVersion = 10.0.40219.1
Project("{FAE04EC0-301F-11D3-BF4B-00C04F79EFBC}") = "Dapperproduct", "Dapperproduct.csproj", "{DA2EB960-67E0-42ED-AF92-E7136A413429}"
EndProject
Global
	GlobalSection(SolutionConfigurationPlatforms) = preSolution
		Debug|Any CPU = Debug|Any CPU
		Release|Any CPU = Release|Any CPU
	EndGlobalSection
	GlobalSection(ProjectConfigurationPlatforms) = postSolution
		{DA2EB960-67E0-42ED-AF92-E7136A413429}.Debug|Any CPU.ActiveCfg = Debug|Any CPU
		{DA2EB960-67E0-42ED-AF92-E7136A413429}.Debug|Any CPU.Build.0 = Debug|Any CPU
		{DA2EB960-67E0-42ED-AF92-E7136A413429}.Release|Any CPU.ActiveCfg = Release|Any CPU
		{DA2EB960-67E0-42ED-AF92-E7136A413429}.Release|Any CPU.Build.0 = Release|Any CPU
	EndGlobalSection
	GlobalSection(SolutionProperties) = preSolution
		HideSolutionNode = FALSE
	EndGlobalSection
	GlobalSection(ExtensibilityGlobals) = postSolution
		SolutionGuid = {5261394C-C43D-4866-B505-EFB6F4B1690D}
	EndGlobalSection
EndGlobal
